<?xml version="1.0" encoding="utf-8"?>
<Project ToolsVersion="4.0" xmlns="http://schemas.microsoft.com/developer/msbuild/2003">
  <ItemGroup>
    <Filter Include="소스 파일">
      <UniqueIdentifier>{4FC737F1-C7A5-4376-A066-2A32D752A2FF}</UniqueIdentifier>
      <Extensions>cpp;c;cc;cxx;def;odl;idl;hpj;bat;asm;asmx</Extensions>
    </Filter>
    <Filter Include="헤더 파일">
      <UniqueIdentifier>{93995380-89BD-4b04-88EB-625FBE52EBFB}</UniqueIdentifier>
      <Extensions>h;hpp;hxx;hm;inl;inc;xsd</Extensions>
    </Filter>
    <Filter Include="리소스 파일">
      <UniqueIdentifier>{67DA6AB6-F800-4c08-8B7A-83BB121AAD01}</UniqueIdentifier>
      <Extensions>rc;ico;cur;bmp;dlg;rc2;rct;bin;rgs;gif;jpg;jpeg;jpe;resx;tiff;tif;png;wav;mfcribbon-ms</Extensions>
    </Filter>
  </ItemGroup>
  <ItemGroup>
    <None Include="ReadMe.txt" />
    <None Include="res\BHC_featureAnalysis.rc2">
      <Filter>리소스 파일</Filter>
    </None>
    <None Include="res\BHC_featureAnalysis.ico">
      <Filter>리소스 파일</Filter>
    </None>
  </ItemGroup>
  <ItemGroup>
    <ClInclude Include="BHC_featureAnalysis.h">
      <Filter>헤더 파일</Filter>
    </ClInclude>
    <ClInclude Include="BHC_featureAnalysisDlg.h">
      <Filter>헤더 파일</Filter>
    </ClInclude>
    <ClInclude Include="stdafx.h">
      <Filter>헤더 파일</Filter>
    </ClInclude>
    <ClInclude Include="targetver.h">
      <Filter>헤더 파일</Filter>
    </ClInclude>
    <ClInclude Include="Resource.h">
      <Filter>헤더 파일</Filter>
    </ClInclude>
    <ClInclude Include="..\common\BHC_graph2D.h">
      <Filter>헤더 파일</Filter>
    </ClInclude>
    <ClInclude Include="..\common\BhImage.h">
      <Filter>헤더 파일</Filter>
    </ClInclude>
    <ClInclude Include="..\common\ImageViewer.h">
      <Filter>헤더 파일</Filter>
    </ClInclude>
    <ClInclude Include="..\common\BHC_exel.h">
      <Filter>헤더 파일</Filter>
    </ClInclude>
    <ClInclude Include="FeatureData.h">
      <Filter>헤더 파일</Filter>
    </ClInclude>
    <ClInclude Include="..\common\grid\GridCtrl.h">
      <Filter>헤더 파일</Filter>
    </ClInclude>
    <ClInclude Include="..\common\grid\CellRange.h">
      <Filter>헤더 파일</Filter>
    </ClInclude>
    <ClInclude Include="..\common\grid\GridCell.h">
      <Filter>헤더 파일</Filter>
    </ClInclude>
    <ClInclude Include="..\common\grid\GridCellBase.h">
      <Filter>헤더 파일</Filter>
    </ClInclude>
    <ClInclude Include="..\common\grid\GridDropTarget.h">
      <Filter>헤더 파일</Filter>
    </ClInclude>
    <ClInclude Include="..\common\grid\InPlaceEdit.h">
      <Filter>헤더 파일</Filter>
    </ClInclude>
    <ClInclude Include="..\common\grid\MemDC.h">
      <Filter>헤더 파일</Filter>
    </ClInclude>
    <ClInclude Include="..\common\grid\TitleTip.h">
      <Filter>헤더 파일</Filter>
    </ClInclude>
    <ClInclude Include="..\common\GraphDlg.h">
      <Filter>헤더 파일</Filter>
    </ClInclude>
    <ClInclude Include="GridDialog.h">
      <Filter>헤더 파일</Filter>
    </ClInclude>
    <ClInclude Include="GraphPage.h">
      <Filter>헤더 파일</Filter>
    </ClInclude>
    <ClInclude Include="LearningDialog.h">
      <Filter>헤더 파일</Filter>
    </ClInclude>
    <ClInclude Include="..\common\grid\GridCellCheck.h">
      <Filter>헤더 파일</Filter>
    </ClInclude>
  </ItemGroup>
  <ItemGroup>
    <ClCompile Include="BHC_featureAnalysis.cpp">
      <Filter>소스 파일</Filter>
    </ClCompile>
    <ClCompile Include="BHC_featureAnalysisDlg.cpp">
      <Filter>소스 파일</Filter>
    </ClCompile>
    <ClCompile Include="stdafx.cpp">
      <Filter>소스 파일</Filter>
    </ClCompile>
    <ClCompile Include="..\common\BHC_graph2D.cpp">
      <Filter>소스 파일</Filter>
    </ClCompile>
    <ClCompile Include="..\common\BhImage.cpp">
      <Filter>소스 파일</Filter>
    </ClCompile>
    <ClCompile Include="..\common\ImageViewer.cpp">
      <Filter>소스 파일</Filter>
    </ClCompile>
    <ClCompile Include="..\common\BHC_exel.cpp">
      <Filter>소스 파일</Filter>
    </ClCompile>
    <ClCompile Include="FeatureData.cpp">
      <Filter>소스 파일</Filter>
    </ClCompile>
    <ClCompile Include="..\common\grid\GridCtrl.cpp">
      <Filter>소스 파일</Filter>
    </ClCompile>
    <ClCompile Include="..\common\grid\GridCell.cpp">
      <Filter>소스 파일</Filter>
    </ClCompile>
    <ClCompile Include="..\common\grid\GridCellBase.cpp">
      <Filter>소스 파일</Filter>
    </ClCompile>
    <ClCompile Include="..\common\grid\GridDropTarget.cpp">
      <Filter>소스 파일</Filter>
    </ClCompile>
    <ClCompile Include="..\common\grid\InPlaceEdit.cpp">
      <Filter>소스 파일</Filter>
    </ClCompile>
    <ClCompile Include="..\common\grid\TitleTip.cpp">
      <Filter>소스 파일</Filter>
    </ClCompile>
    <ClCompile Include="..\common\GraphDlg.cpp">
      <Filter>소스 파일</Filter>
    </ClCompile>
    <ClCompile Include="GridDialog.cpp">
      <Filter>소스 파일</Filter>
    </ClCompile>
    <ClCompile Include="GraphPage.cpp">
      <Filter>소스 파일</Filter>
    </ClCompile>
    <ClCompile Include="..\common\grid\GridCellCheck.cpp">
      <Filter>소스 파일</Filter>
    </ClCompile>
    <ClCompile Include="LearningDialog.cpp">
      <Filter>소스 파일</Filter>
    </ClCompile>
  </ItemGroup>
  <ItemGroup>
    <ResourceCompile Include="BHC_featureAnalysis.rc">
      <Filter>리소스 파일</Filter>
    </ResourceCompile>
  </ItemGroup>
</Project>